
Microsoft Visual Studio Solution File, Format Version 12.00
# Visual Studio Version 17
VisualStudioVersion = 17.5.33414.496
MinimumVisualStudioVersion = 10.0.40219.1
Project("{9A19103F-16F7-4668-BE54-9A1E7A4F7556}") = "BookInventory.WebApi", "BookInventory.WebApi\BookInventory.WebApi.csproj", "{3D9F2C7A-846E-4677-9030-6DD86C4CFCDA}"
EndProject
Project("{9A19103F-16F7-4668-BE54-9A1E7A4F7556}") = "BookInventory.Business", "BookInventory.Business\BookInventory.Business.csproj", "{B4C210E9-C174-4BF4-AD7D-47F2CABEE72A}"
EndProject
Project("{9A19103F-16F7-4668-BE54-9A1E7A4F7556}") = "BookInventory.Data", "BookInventory.Data\BookInventory.Data.csproj", "{4E863F83-B4AD-43E1-BC25-AD2F2354A2FD}"
EndProject
Project("{9A19103F-16F7-4668-BE54-9A1E7A4F7556}") = "BookInventory.Common", "BookInventory.Common\BookInventory.Common.csproj", "{3785E05C-61FA-4CBF-B051-A5EF9BCC1B3F}"
EndProject
Project("{9A19103F-16F7-4668-BE54-9A1E7A4F7556}") = "BookInventory.LocalDatabaseSeeder", "BookInventory.LocalDatabaseSeeder\BookInventory.LocalDatabaseSeeder.csproj", "{6B726D95-4C43-4A6C-A759-C9EA4D137D54}"
EndProject
Project("{FAE04EC0-301F-11D3-BF4B-00C04F79EFBC}") = "BookInventory.WebForms", "BookInventory.WebForms\BookInventory.WebForms.csproj", "{E679D47B-5953-4D3E-8668-DF86DAB61496}"
EndProject
Global
	GlobalSection(SolutionConfigurationPlatforms) = preSolution
		Debug|Any CPU = Debug|Any CPU
		Release|Any CPU = Release|Any CPU
	EndGlobalSection
	GlobalSection(ProjectConfigurationPlatforms) = postSolution
		{3D9F2C7A-846E-4677-9030-6DD86C4CFCDA}.Debug|Any CPU.ActiveCfg = Debug|Any CPU
		{3D9F2C7A-846E-4677-9030-6DD86C4CFCDA}.Debug|Any CPU.Build.0 = Debug|Any CPU
		{3D9F2C7A-846E-4677-9030-6DD86C4CFCDA}.Release|Any CPU.ActiveCfg = Release|Any CPU
		{3D9F2C7A-846E-4677-9030-6DD86C4CFCDA}.Release|Any CPU.Build.0 = Release|Any CPU
		{B4C210E9-C174-4BF4-AD7D-47F2CABEE72A}.Debug|Any CPU.ActiveCfg = Debug|Any CPU
		{B4C210E9-C174-4BF4-AD7D-47F2CABEE72A}.Debug|Any CPU.Build.0 = Debug|Any CPU
		{B4C210E9-C174-4BF4-AD7D-47F2CABEE72A}.Release|Any CPU.ActiveCfg = Release|Any CPU
		{B4C210E9-C174-4BF4-AD7D-47F2CABEE72A}.Release|Any CPU.Build.0 = Release|Any CPU
		{4E863F83-B4AD-43E1-BC25-AD2F2354A2FD}.Debug|Any CPU.ActiveCfg = Debug|Any CPU
		{4E863F83-B4AD-43E1-BC25-AD2F2354A2FD}.Debug|Any CPU.Build.0 = Debug|Any CPU
		{4E863F83-B4AD-43E1-BC25-AD2F2354A2FD}.Release|Any CPU.ActiveCfg = Release|Any CPU
		{4E863F83-B4AD-43E1-BC25-AD2F2354A2FD}.Release|Any CPU.Build.0 = Release|Any CPU
		{3785E05C-61FA-4CBF-B051-A5EF9BCC1B3F}.Debug|Any CPU.ActiveCfg = Debug|Any CPU
		{3785E05C-61FA-4CBF-B051-A5EF9BCC1B3F}.Debug|Any CPU.Build.0 = Debug|Any CPU
		{3785E05C-61FA-4CBF-B051-A5EF9BCC1B3F}.Release|Any CPU.ActiveCfg = Release|Any CPU
		{3785E05C-61FA-4CBF-B051-A5EF9BCC1B3F}.Release|Any CPU.Build.0 = Release|Any CPU
		{6B726D95-4C43-4A6C-A759-C9EA4D137D54}.Debug|Any CPU.ActiveCfg = Debug|Any CPU
		{6B726D95-4C43-4A6C-A759-C9EA4D137D54}.Debug|Any CPU.Build.0 = Debug|Any CPU
		{6B726D95-4C43-4A6C-A759-C9EA4D137D54}.Release|Any CPU.ActiveCfg = Release|Any CPU
		{6B726D95-4C43-4A6C-A759-C9EA4D137D54}.Release|Any CPU.Build.0 = Release|Any CPU
		{E679D47B-5953-4D3E-8668-DF86DAB61496}.Debug|Any CPU.ActiveCfg = Debug|Any CPU
		{E679D47B-5953-4D3E-8668-DF86DAB61496}.Debug|Any CPU.Build.0 = Debug|Any CPU
		{E679D47B-5953-4D3E-8668-DF86DAB61496}.Release|Any CPU.ActiveCfg = Release|Any CPU
		{E679D47B-5953-4D3E-8668-DF86DAB61496}.Release|Any CPU.Build.0 = Release|Any CPU
	EndGlobalSection
	GlobalSection(SolutionProperties) = preSolution
		HideSolutionNode = FALSE
	EndGlobalSection
	GlobalSection(ExtensibilityGlobals) = postSolution
		SolutionGuid = {0092C5FD-18E2-4C57-A095-7F9895E5C397}
	EndGlobalSection
EndGlobal
